[[package]]
name = "actions-toolkit"
version = "0.0.5"
description = "🛠 The GitHub ToolKit for developing GitHub Actions in Python."
category = "main"
optional = false
python-versions = ">=3.6"

[metadata]
lock-version = "1.1"
python-versions = "^3.6"
content-hash = "8c150aa481462faed653fe4ea05a94ccfe14836b3e406e0c130c71eb1a2091ab"

[metadata.files]
actions-toolkit = [
    {file = "actions-toolkit-0.0.5.tar.gz", hash = "sha256:1e83798886a0b31f87bcca92a8117af8390a38b30efbbb30b8683a3baa4c222f"},
    {file = "actions_toolkit-0.0.5-py3-none-any.whl", hash = "sha256:927f500fce6e5d1c22625818d74fd5f67a4c290ef784127551a8c0f586c795fe"},
]
